
Microsoft Visual Studio Solution File, Format Version 12.00
# Visual Studio Version 17
VisualStudioVersion = 17.0.31912.275
MinimumVisualStudioVersion = 10.0.40219.1
Project("{FAE04EC0-301F-11D3-BF4B-00C04F79EFBC}") = "PersonCollection", "PersonCollection\PersonCollection.csproj", "{A2F399A2-B8E1-4A74-BE14-91F8199EDBBE}"
EndProject
Global
	GlobalSection(SolutionConfigurationPlatforms) = preSolution
		Debug|Any CPU = Debug|Any CPU
		Release|Any CPU = Release|Any CPU
	EndGlobalSection
	GlobalSection(ProjectConfigurationPlatforms) = postSolution
		{A2F399A2-B8E1-4A74-BE14-91F8199EDBBE}.Debug|Any CPU.ActiveCfg = Debug|Any CPU
		{A2F399A2-B8E1-4A74-BE14-91F8199EDBBE}.Debug|Any CPU.Build.0 = Debug|Any CPU
		{A2F399A2-B8E1-4A74-BE14-91F8199EDBBE}.Release|Any CPU.ActiveCfg = Release|Any CPU
		{A2F399A2-B8E1-4A74-BE14-91F8199EDBBE}.Release|Any CPU.Build.0 = Release|Any CPU
	EndGlobalSection
	GlobalSection(SolutionProperties) = preSolution
		HideSolutionNode = FALSE
	EndGlobalSection
	GlobalSection(ExtensibilityGlobals) = postSolution
		SolutionGuid = {096DC61F-85CC-47F4-951C-2660623BE644}
	EndGlobalSection
EndGlobal
